// !$*UTF8*$!
{
	archiveVersion = 1;
	classes = {
	};
	objectVersion = 46;
	objects = {

/* Begin PBXBuildFile section */
		1E6F066FE3162B6A715A1FC1 /* libPods-Twitter.a in Frameworks */ = {isa = PBXBuildFile; fileRef = 897CDDD9B679FC68F6E4741C /* libPods-Twitter.a */; };
		A65D68951D90529C00DDB8DC /* main.m in Sources */ = {isa = PBXBuildFile; fileRef = A65D68941D90529C00DDB8DC /* main.m */; };
		A65D68981D90529C00DDB8DC /* AppDelegate.m in Sources */ = {isa = PBXBuildFile; fileRef = A65D68971D90529C00DDB8DC /* AppDelegate.m */; };
		A65D689E1D90529C00DDB8DC /* Main.storyboard in Resources */ = {isa = PBXBuildFile; fileRef = A65D689C1D90529C00DDB8DC /* Main.storyboard */; };
		A65D68A01D90529C00DDB8DC /* Assets.xcassets in Resources */ = {isa = PBXBuildFile; fileRef = A65D689F1D90529C00DDB8DC /* Assets.xcassets */; };
		A65D68A31D90529C00DDB8DC /* LaunchScreen.storyboard in Resources */ = {isa = PBXBuildFile; fileRef = A65D68A11D90529C00DDB8DC /* LaunchScreen.storyboard */; };
		A699F1051D90639000B2E059 /* MenuViewController.m in Sources */ = {isa = PBXBuildFile; fileRef = A699F1041D90639000B2E059 /* MenuViewController.m */; };
		A699F1081D9075E100B2E059 /* LoginViewController.m in Sources */ = {isa = PBXBuildFile; fileRef = A699F1071D9075E100B2E059 /* LoginViewController.m */; };
		A6E298401D90A63000D9F331 /* Tweet.m in Sources */ = {isa = PBXBuildFile; fileRef = A6E2983F1D90A63000D9F331 /* Tweet.m */; };
		A6E298431D90A63900D9F331 /* User.m in Sources */ = {isa = PBXBuildFile; fileRef = A6E298421D90A63900D9F331 /* User.m */; };
		A6E298461D90CDF300D9F331 /* TweetsViewController.m in Sources */ = {isa = PBXBuildFile; fileRef = A6E298451D90CDF300D9F331 /* TweetsViewController.m */; };
		A6E298491D90CE7E00D9F331 /* TweetCell.m in Sources */ = {isa = PBXBuildFile; fileRef = A6E298481D90CE7E00D9F331 /* TweetCell.m */; };
		A6E31EA61D91AF31002EEEF7 /* ProfileCell.m in Sources */ = {isa = PBXBuildFile; fileRef = A6E31EA51D91AF31002EEEF7 /* ProfileCell.m */; };
		A6E31EA91D91D140002EEEF7 /* TweetViewController.m in Sources */ = {isa = PBXBuildFile; fileRef = A6E31EA81D91D140002EEEF7 /* TweetViewController.m */; };
		A6E31ED51D933F99002EEEF7 /* ComposeViewController.m in Sources */ = {isa = PBXBuildFile; fileRef = A6E31ED41D933F99002EEEF7 /* ComposeViewController.m */; };
		A6F9FA001D909B7F005F1585 /* TwitterClient.m in Sources */ = {isa = PBXBuildFile; fileRef = A6F9F9FF1D909B7F005F1585 /* TwitterClient.m */; };
/* End PBXBuildFile section */

/* Begin PBXFileReference section */
		0F564AF3124BCA17D3868030 /* Pods-Twitter.debug.xcconfig */ = {isa = PBXFileReference; includeInIndex = 1; lastKnownFileType = text.xcconfig; name = "Pods-Twitter.debug.xcconfig"; path = "Pods/Target Support Files/Pods-Twitter/Pods-Twitter.debug.xcconfig"; sourceTree = "<group>"; };
		897CDDD9B679FC68F6E4741C /* libPods-Twitter.a */ = {isa = PBXFileReference; explicitFileType = archive.ar; includeInIndex = 0; path = "libPods-Twitter.a"; sourceTree = BUILT_PRODUCTS_DIR; };
		A65D68901D90529C00DDB8DC /* Twitter.app */ = {isa = PBXFileReference; explicitFileType = wrapper.application; includeInIndex = 0; path = Twitter.app; sourceTree = BUILT_PRODUCTS_DIR; };
		A65D68941D90529C00DDB8DC /* main.m */ = {isa = PBXFileReference; lastKnownFileType = sourcecode.c.objc; path = main.m; sourceTree = "<group>"; };
		A65D68961D90529C00DDB8DC /* AppDelegate.h */ = {isa = PBXFileReference; lastKnownFileType = sourcecode.c.h; path = AppDelegate.h; sourceTree = "<group>"; };
		A65D68971D90529C00DDB8DC /* AppDelegate.m */ = {isa = PBXFileReference; lastKnownFileType = sourcecode.c.objc; path = AppDelegate.m; sourceTree = "<group>"; };
		A65D689D1D90529C00DDB8DC /* Base */ = {isa = PBXFileReference; lastKnownFileType = file.storyboard; name = Base; path = Base.lproj/Main.storyboard; sourceTree = "<group>"; };
		A65D689F1D90529C00DDB8DC /* Assets.xcassets */ = {isa = PBXFileReference; lastKnownFileType = folder.assetcatalog; path = Assets.xcassets; sourceTree = "<group>"; };
		A65D68A21D90529C00DDB8DC /* Base */ = {isa = PBXFileReference; lastKnownFileType = file.storyboard; name = Base; path = Base.lproj/LaunchScreen.storyboard; sourceTree = "<group>"; };
		A65D68A41D90529C00DDB8DC /* Info.plist */ = {isa = PBXFileReference; lastKnownFileType = text.plist.xml; path = Info.plist; sourceTree = "<group>"; };
		A699F1031D90639000B2E059 /* MenuViewController.h */ = {isa = PBXFileReference; fileEncoding = 4; lastKnownFileType = sourcecode.c.h; path = MenuViewController.h; sourceTree = "<group>"; };
		A699F1041D90639000B2E059 /* MenuViewController.m */ = {isa = PBXFileReference; fileEncoding = 4; lastKnownFileType = sourcecode.c.objc; path = MenuViewController.m; sourceTree = "<group>"; };
		A699F1061D9075E100B2E059 /* LoginViewController.h */ = {isa = PBXFileReference; fileEncoding = 4; lastKnownFileType = sourcecode.c.h; path = LoginViewController.h; sourceTree = "<group>"; };
		A699F1071D9075E100B2E059 /* LoginViewController.m */ = {isa = PBXFileReference; fileEncoding = 4; lastKnownFileType = sourcecode.c.objc; path = LoginViewController.m; sourceTree = "<group>"; };
		A6E2983E1D90A63000D9F331 /* Tweet.h */ = {isa = PBXFileReference; fileEncoding = 4; lastKnownFileType = sourcecode.c.h; path = Tweet.h; sourceTree = "<group>"; };
		A6E2983F1D90A63000D9F331 /* Tweet.m */ = {isa = PBXFileReference; fileEncoding = 4; lastKnownFileType = sourcecode.c.objc; path = Tweet.m; sourceTree = "<group>"; };
		A6E298411D90A63900D9F331 /* User.h */ = {isa = PBXFileReference; fileEncoding = 4; lastKnownFileType = sourcecode.c.h; path = User.h; sourceTree = "<group>"; };
		A6E298421D90A63900D9F331 /* User.m */ = {isa = PBXFileReference; fileEncoding = 4; lastKnownFileType = sourcecode.c.objc; path = User.m; sourceTree = "<group>"; };
		A6E298441D90CDF300D9F331 /* TweetsViewController.h */ = {isa = PBXFileReference; fileEncoding = 4; lastKnownFileType = sourcecode.c.h; path = TweetsViewController.h; sourceTree = "<group>"; };
		A6E298451D90CDF300D9F331 /* TweetsViewController.m */ = {isa = PBXFileReference; fileEncoding = 4; lastKnownFileType = sourcecode.c.objc; path = TweetsViewController.m; sourceTree = "<group>"; };
		A6E298471D90CE7E00D9F331 /* TweetCell.h */ = {isa = PBXFileReference; fileEncoding = 4; lastKnownFileType = sourcecode.c.h; path = TweetCell.h; sourceTree = "<group>"; };
		A6E298481D90CE7E00D9F331 /* TweetCell.m */ = {isa = PBXFileReference; fileEncoding = 4; lastKnownFileType = sourcecode.c.objc; path = TweetCell.m; sourceTree = "<group>"; };
		A6E31EA41D91AF31002EEEF7 /* ProfileCell.h */ = {isa = PBXFileReference; fileEncoding = 4; lastKnownFileType = sourcecode.c.h; path = ProfileCell.h; sourceTree = "<group>"; };
		A6E31EA51D91AF31002EEEF7 /* ProfileCell.m */ = {isa = PBXFileReference; fileEncoding = 4; lastKnownFileType = sourcecode.c.objc; path = ProfileCell.m; sourceTree = "<group>"; };
		A6E31EA71D91D140002EEEF7 /* TweetViewController.h */ = {isa = PBXFileReference; fileEncoding = 4; lastKnownFileType = sourcecode.c.h; path = TweetViewController.h; sourceTree = "<group>"; };
		A6E31EA81D91D140002EEEF7 /* TweetViewController.m */ = {isa = PBXFileReference; fileEncoding = 4; lastKnownFileType = sourcecode.c.objc; path = TweetViewController.m; sourceTree = "<group>"; };
		A6E31ED31D933F99002EEEF7 /* ComposeViewController.h */ = {isa = PBXFileReference; fileEncoding = 4; lastKnownFileType = sourcecode.c.h; path = ComposeViewController.h; sourceTree = "<group>"; };
		A6E31ED41D933F99002EEEF7 /* ComposeViewController.m */ = {isa = PBXFileReference; fileEncoding = 4; lastKnownFileType = sourcecode.c.objc; path = ComposeViewController.m; sourceTree = "<group>"; };
		A6F9F9FE1D909B7F005F1585 /* TwitterClient.h */ = {isa = PBXFileReference; fileEncoding = 4; lastKnownFileType = sourcecode.c.h; path = TwitterClient.h; sourceTree = "<group>"; };
		A6F9F9FF1D909B7F005F1585 /* TwitterClient.m */ = {isa = PBXFileReference; fileEncoding = 4; lastKnownFileType = sourcecode.c.objc; path = TwitterClient.m; sourceTree = "<group>"; };
		C1005CDDACD50818DD6C2007 /* Pods-Twitter.release.xcconfig */ = {isa = PBXFileReference; includeInIndex = 1; lastKnownFileType = text.xcconfig; name = "Pods-Twitter.release.xcconfig"; path = "Pods/Target Support Files/Pods-Twitter/Pods-Twitter.release.xcconfig"; sourceTree = "<group>"; };
/* End PBXFileReference section */

/* Begin PBXFrameworksBuildPhase section */
		A65D688D1D90529C00DDB8DC /* Frameworks */ = {
			isa = PBXFrameworksBuildPhase;
			buildActionMask = 2147483647;
			files = (
				1E6F066FE3162B6A715A1FC1 /* libPods-Twitter.a in Frameworks */,
			);
			runOnlyForDeploymentPostprocessing = 0;
		};
/* End PBXFrameworksBuildPhase section */

/* Begin PBXGroup section */
		7A6C1D7221E9FE9298ABE3E7 /* Pods */ = {
			isa = PBXGroup;
			children = (
				0F564AF3124BCA17D3868030 /* Pods-Twitter.debug.xcconfig */,
				C1005CDDACD50818DD6C2007 /* Pods-Twitter.release.xcconfig */,
			);
			name = Pods;
			sourceTree = "<group>";
		};
		A65D68871D90529C00DDB8DC = {
			isa = PBXGroup;
			children = (
				A65D68921D90529C00DDB8DC /* Twitter */,
				A65D68911D90529C00DDB8DC /* Products */,
				7A6C1D7221E9FE9298ABE3E7 /* Pods */,
				F0CFB543CAEB7D745DE3337D /* Frameworks */,
			);
			sourceTree = "<group>";
		};
		A65D68911D90529C00DDB8DC /* Products */ = {
			isa = PBXGroup;
			children = (
				A65D68901D90529C00DDB8DC /* Twitter.app */,
			);
			name = Products;
			sourceTree = "<group>";
		};
		A65D68921D90529C00DDB8DC /* Twitter */ = {
			isa = PBXGroup;
			children = (
				A6E2984A1D90ECEE00D9F331 /* View Controllers */,
				A6E2983D1D90A61F00D9F331 /* Models */,
				A65D68961D90529C00DDB8DC /* AppDelegate.h */,
				A65D68971D90529C00DDB8DC /* AppDelegate.m */,
				A65D689C1D90529C00DDB8DC /* Main.storyboard */,
				A65D689F1D90529C00DDB8DC /* Assets.xcassets */,
				A65D68A11D90529C00DDB8DC /* LaunchScreen.storyboard */,
				A65D68A41D90529C00DDB8DC /* Info.plist */,
				A65D68931D90529C00DDB8DC /* Supporting Files */,
				A6F9F9FE1D909B7F005F1585 /* TwitterClient.h */,
				A6F9F9FF1D909B7F005F1585 /* TwitterClient.m */,
				A6E31EA41D91AF31002EEEF7 /* ProfileCell.h */,
				A6E31EA51D91AF31002EEEF7 /* ProfileCell.m */,
				A6E298471D90CE7E00D9F331 /* TweetCell.h */,
				A6E298481D90CE7E00D9F331 /* TweetCell.m */,
			);
			path = Twitter;
			sourceTree = "<group>";
		};
		A65D68931D90529C00DDB8DC /* Supporting Files */ = {
			isa = PBXGroup;
			children = (
				A65D68941D90529C00DDB8DC /* main.m */,
			);
			name = "Supporting Files";
			sourceTree = "<group>";
		};
		A6E2983D1D90A61F00D9F331 /* Models */ = {
			isa = PBXGroup;
			children = (
				A6E2983E1D90A63000D9F331 /* Tweet.h */,
				A6E2983F1D90A63000D9F331 /* Tweet.m */,
				A6E298411D90A63900D9F331 /* User.h */,
				A6E298421D90A63900D9F331 /* User.m */,
			);
			name = Models;
			sourceTree = "<group>";
		};
		A6E2984A1D90ECEE00D9F331 /* View Controllers */ = {
			isa = PBXGroup;
			children = (
				A6E31ED31D933F99002EEEF7 /* ComposeViewController.h */,
				A6E31ED41D933F99002EEEF7 /* ComposeViewController.m */,
				A699F1061D9075E100B2E059 /* LoginViewController.h */,
				A699F1071D9075E100B2E059 /* LoginViewController.m */,
				A699F1031D90639000B2E059 /* MenuViewController.h */,
				A699F1041D90639000B2E059 /* MenuViewController.m */,
				A6E298441D90CDF300D9F331 /* TweetsViewController.h */,
				A6E298451D90CDF300D9F331 /* TweetsViewController.m */,
				A6E31EA71D91D140002EEEF7 /* TweetViewController.h */,
				A6E31EA81D91D140002EEEF7 /* TweetViewController.m */,
			);
			name = "View Controllers";
			sourceTree = "<group>";
		};
		F0CFB543CAEB7D745DE3337D /* Frameworks */ = {
			isa = PBXGroup;
			children = (
				897CDDD9B679FC68F6E4741C /* libPods-Twitter.a */,
			);
			name = Frameworks;
			sourceTree = "<group>";
		};
/* End PBXGroup section */

/* Begin PBXNativeTarget section */
		A65D688F1D90529C00DDB8DC /* Twitter */ = {
			isa = PBXNativeTarget;
			buildConfigurationList = A65D68A71D90529C00DDB8DC /* Build configuration list for PBXNativeTarget "Twitter" */;
			buildPhases = (
				DD1C39E3F53661AC1B0D50B6 /* [CP] Check Pods Manifest.lock */,
				A65D688C1D90529C00DDB8DC /* Sources */,
				A65D688D1D90529C00DDB8DC /* Frameworks */,
				A65D688E1D90529C00DDB8DC /* Resources */,
				18DF21F09594C97D32895937 /* [CP] Embed Pods Frameworks */,
				4452E532A1397B19520AD2B5 /* [CP] Copy Pods Resources */,
			);
			buildRules = (
			);
			dependencies = (
			);
			name = Twitter;
			productName = Twitter;
			productReference = A65D68901D90529C00DDB8DC /* Twitter.app */;
			productType = "com.apple.product-type.application";
		};
/* End PBXNativeTarget section */

/* Begin PBXProject section */
		A65D68881D90529C00DDB8DC /* Project object */ = {
			isa = PBXProject;
			attributes = {
				LastUpgradeCheck = 0730;
				ORGANIZATIONNAME = yahoo;
				TargetAttributes = {
					A65D688F1D90529C00DDB8DC = {
						CreatedOnToolsVersion = 7.3.1;
					};
				};
			};
			buildConfigurationList = A65D688B1D90529C00DDB8DC /* Build configuration list for PBXProject "Twitter" */;
			compatibilityVersion = "Xcode 3.2";
			developmentRegion = English;
			hasScannedForEncodings = 0;
			knownRegions = (
				en,
				Base,
			);
			mainGroup = A65D68871D90529C00DDB8DC;
			productRefGroup = A65D68911D90529C00DDB8DC /* Products */;
			projectDirPath = "";
			projectRoot = "";
			targets = (
				A65D688F1D90529C00DDB8DC /* Twitter */,
			);
		};
/* End PBXProject section */

/* Begin PBXResourcesBuildPhase section */
		A65D688E1D90529C00DDB8DC /* Resources */ = {
			isa = PBXResourcesBuildPhase;
			buildActionMask = 2147483647;
			files = (
				A65D68A31D90529C00DDB8DC /* LaunchScreen.storyboard in Resources */,
				A65D68A01D90529C00DDB8DC /* Assets.xcassets in Resources */,
				A65D689E1D90529C00DDB8DC /* Main.storyboard in Resources */,
			);
			runOnlyForDeploymentPostprocessing = 0;
		};
/* End PBXResourcesBuildPhase section */

/* Begin PBXShellScriptBuildPhase section */
		18DF21F09594C97D32895937 /* [CP] Embed Pods Frameworks */ = {
			isa = PBXShellScriptBuildPhase;
			buildActionMask = 2147483647;
			files = (
			);
			inputPaths = (
			);
			name = "[CP] Embed Pods Frameworks";
			outputPaths = (
			);
			runOnlyForDeploymentPostprocessing = 0;
			shellPath = /bin/sh;
			shellScript = "\"${SRCROOT}/Pods/Target Support Files/Pods-Twitter/Pods-Twitter-frameworks.sh\"\n";
			showEnvVarsInLog = 0;
		};
		4452E532A1397B19520AD2B5 /* [CP] Copy Pods Resources */ = {
			isa = PBXShellScriptBuildPhase;
			buildActionMask = 2147483647;
			files = (
			);
			inputPaths = (
			);
			name = "[CP] Copy Pods Resources";
			outputPaths = (
			);
			runOnlyForDeploymentPostprocessing = 0;
			shellPath = /bin/sh;
			shellScript = "\"${SRCROOT}/Pods/Target Support Files/Pods-Twitter/Pods-Twitter-resources.sh\"\n";
			showEnvVarsInLog = 0;
		};
		DD1C39E3F53661AC1B0D50B6 /* [CP] Check Pods Manifest.lock */ = {
			isa = PBXShellScriptBuildPhase;
			buildActionMask = 2147483647;
			files = (
			);
			inputPaths = (
			);
			name = "[CP] Check Pods Manifest.lock";
			outputPaths = (
			);
			runOnlyForDeploymentPostprocessing = 0;
			shellPath = /bin/sh;
			shellScript = "diff \"${PODS_ROOT}/../Podfile.lock\" \"${PODS_ROOT}/Manifest.lock\" > /dev/null\nif [[ $? != 0 ]] ; then\n    cat << EOM\nerror: The sandbox is not in sync with the Podfile.lock. Run 'pod install' or update your CocoaPods installation.\nEOM\n    exit 1\nfi\n";
			showEnvVarsInLog = 0;
		};
/* End PBXShellScriptBuildPhase section */

/* Begin PBXSourcesBuildPhase section */
		A65D688C1D90529C00DDB8DC /* Sources */ = {
			isa = PBXSourcesBuildPhase;
			buildActionMask = 2147483647;
			files = (
				A6E298431D90A63900D9F331 /* User.m in Sources */,
				A699F1051D90639000B2E059 /* MenuViewController.m in Sources */,
				A6E298491D90CE7E00D9F331 /* TweetCell.m in Sources */,
				A6E31ED51D933F99002EEEF7 /* ComposeViewController.m in Sources */,
				A65D68981D90529C00DDB8DC /* AppDelegate.m in Sources */,
				A6E298401D90A63000D9F331 /* Tweet.m in Sources */,
				A6E31EA91D91D140002EEEF7 /* TweetViewController.m in Sources */,
				A65D68951D90529C00DDB8DC /* main.m in Sources */,
				A6F9FA001D909B7F005F1585 /* TwitterClient.m in Sources */,
				A699F1081D9075E100B2E059 /* LoginViewController.m in Sources */,
				A6E298461D90CDF300D9F331 /* TweetsViewController.m in Sources */,
				A6E31EA61D91AF31002EEEF7 /* ProfileCell.m in Sources */,
			);
			runOnlyForDeploymentPostprocessing = 0;
		};
/* End PBXSourcesBuildPhase section */

/* Begin PBXVariantGroup section */
		A65D689C1D90529C00DDB8DC /* Main.storyboard */ = {
			isa = PBXVariantGroup;
			children = (
				A65D689D1D90529C00DDB8DC /* Base */,
			);
			name = Main.storyboard;
			sourceTree = "<group>";
		};
		A65D68A11D90529C00DDB8DC /* LaunchScreen.storyboard */ = {
			isa = PBXVariantGroup;
			children = (
				A65D68A21D90529C00DDB8DC /* Base */,
			);
			name = LaunchScreen.storyboard;
			sourceTree = "<group>";
		};
/* End PBXVariantGroup section */

/* Begin XCBuildConfiguration section */
		A65D68A51D90529C00DDB8DC /* Debug */ = {
			isa = XCBuildConfiguration;
			buildSettings = {
				ALWAYS_SEARCH_USER_PATHS = NO;
				CLANG_ANALYZER_NONNULL = YES;
				CLANG_CXX_LANGUAGE_STANDARD = "gnu++0x";
				CLANG_CXX_LIBRARY = "libc++";
				CLANG_ENABLE_MODULES = YES;
				CLANG_ENABLE_OBJC_ARC = YES;
				CLANG_WARN_BOOL_CONVERSION = YES;
				CLANG_WARN_CONSTANT_CONVERSION = YES;
				CLANG_WARN_DIRECT_OBJC_ISA_USAGE = YES_ERROR;
				CLANG_WARN_EMPTY_BODY = YES;
				CLANG_WARN_ENUM_CONVERSION = YES;
				CLANG_WARN_INT_CONVERSION = YES;
				CLANG_WARN_OBJC_ROOT_CLASS = YES_ERROR;
				CLANG_WARN_UNREACHABLE_CODE = YES;
				CLANG_WARN__DUPLICATE_METHOD_MATCH = YES;
				"CODE_SIGN_IDENTITY[sdk=iphoneos*]" = "iPhone Developer";
				COPY_PHASE_STRIP = NO;
				DEBUG_INFORMATION_FORMAT = dwarf;
				ENABLE_STRICT_OBJC_MSGSEND = YES;
				ENABLE_TESTABILITY = YES;
				GCC_C_LANGUAGE_STANDARD = gnu99;
				GCC_DYNAMIC_NO_PIC = NO;
				GCC_NO_COMMON_BLOCKS = YES;
				GCC_OPTIMIZATION_LEVEL = 0;
				GCC_PREPROCESSOR_DEFINITIONS = (
					"DEBUG=1",
					"$(inherited)",
				);
				GCC_WARN_64_TO_32_BIT_CONVERSION = YES;
				GCC_WARN_ABOUT_RETURN_TYPE = YES_ERROR;
				GCC_WARN_UNDECLARED_SELECTOR = YES;
				GCC_WARN_UNINITIALIZED_AUTOS = YES_AGGRESSIVE;
				GCC_WARN_UNUSED_FUNCTION = YES;
				GCC_WARN_UNUSED_VARIABLE = YES;
				IPHONEOS_DEPLOYMENT_TARGET = 9.3;
				MTL_ENABLE_DEBUG_INFO = YES;
				ONLY_ACTIVE_ARCH = YES;
				SDKROOT = iphoneos;
			};
			name = Debug;
		};
		A65D68A61D90529C00DDB8DC /* Release */ = {
			isa = XCBuildConfiguration;
			buildSettings = {
				ALWAYS_SEARCH_USER_PATHS = NO;
				CLANG_ANALYZER_NONNULL = YES;
				CLANG_CXX_LANGUAGE_STANDARD = "gnu++0x";
				CLANG_CXX_LIBRARY = "libc++";
				CLANG_ENABLE_MODULES = YES;
				CLANG_ENABLE_OBJC_ARC = YES;
				CLANG_WARN_BOOL_CONVERSION = YES;
				CLANG_WARN_CONSTANT_CONVERSION = YES;
				CLANG_WARN_DIRECT_OBJC_ISA_USAGE = YES_ERROR;
				CLANG_WARN_EMPTY_BODY = YES;
				CLANG_WARN_ENUM_CONVERSION = YES;
				CLANG_WARN_INT_CONVERSION = YES;
				CLANG_WARN_OBJC_ROOT_CLASS = YES_ERROR;
				CLANG_WARN_UNREACHABLE_CODE = YES;
				CLANG_WARN__DUPLICATE_METHOD_MATCH = YES;
				"CODE_SIGN_IDENTITY[sdk=iphoneos*]" = "iPhone Developer";
				COPY_PHASE_STRIP = NO;
				DEBUG_INFORMATION_FORMAT = "dwarf-with-dsym";
				ENABLE_NS_ASSERTIONS = NO;
				ENABLE_STRICT_OBJC_MSGSEND = YES;
				GCC_C_LANGUAGE_STANDARD = gnu99;
				GCC_NO_COMMON_BLOCKS = YES;
				GCC_WARN_64_TO_32_BIT_CONVERSION = YES;
				GCC_WARN_ABOUT_RETURN_TYPE = YES_ERROR;
				GCC_WARN_UNDECLARED_SELECTOR = YES;
				GCC_WARN_UNINITIALIZED_AUTOS = YES_AGGRESSIVE;
				GCC_WARN_UNUSED_FUNCTION = YES;
				GCC_WARN_UNUSED_VARIABLE = YES;
				IPHONEOS_DEPLOYMENT_TARGET = 9.3;
				MTL_ENABLE_DEBUG_INFO = NO;
				SDKROOT = iphoneos;
				VALIDATE_PRODUCT = YES;
			};
			name = Release;
		};
		A65D68A81D90529C00DDB8DC /* Debug */ = {
			isa = XCBuildConfiguration;
			baseConfigurationReference = 0F564AF3124BCA17D3868030 /* Pods-Twitter.debug.xcconfig */;
			buildSettings = {
				ASSETCATALOG_COMPILER_APPICON_NAME = AppIcon;
				INFOPLIST_FILE = Twitter/Info.plist;
				LD_RUNPATH_SEARCH_PATHS = "$(inherited) @executable_path/Frameworks";
				PRODUCT_BUNDLE_IDENTIFIER = com.yahoo.Twitter;
				PRODUCT_NAME = "$(TARGET_NAME)";
			};
			name = Debug;
		};
		A65D68A91D90529C00DDB8DC /* Release */ = {
			isa = XCBuildConfiguration;
			baseConfigurationReference = C1005CDDACD50818DD6C2007 /* Pods-Twitter.release.xcconfig */;
			buildSettings = {
				ASSETCATALOG_COMPILER_APPICON_NAME = AppIcon;
				INFOPLIST_FILE = Twitter/Info.plist;
				LD_RUNPATH_SEARCH_PATHS = "$(inherited) @executable_path/Frameworks";
				PRODUCT_BUNDLE_IDENTIFIER = com.yahoo.Twitter;
				PRODUCT_NAME = "$(TARGET_NAME)";
			};
			name = Release;
		};
/* End XCBuildConfiguration section */

/* Begin XCConfigurationList section */
		A65D688B1D90529C00DDB8DC /* Build configuration list for PBXProject "Twitter" */ = {
			isa = XCConfigurationList;
			buildConfigurations = (
				A65D68A51D90529C00DDB8DC /* Debug */,
				A65D68A61D90529C00DDB8DC /* Release */,
			);
			defaultConfigurationIsVisible = 0;
			defaultConfigurationName = Release;
		};
		A65D68A71D90529C00DDB8DC /* Build configuration list for PBXNativeTarget "Twitter" */ = {
			isa = XCConfigurationList;
			buildConfigurations = (
				A65D68A81D90529C00DDB8DC /* Debug */,
				A65D68A91D90529C00DDB8DC /* Release */,
			);
			defaultConfigurationIsVisible = 0;
			defaultConfigurationName = Release;
		};
/* End XCConfigurationList section */
	};
	rootObject = A65D68881D90529C00DDB8DC /* Project object */;
}
